<?xml version="1.0" encoding="UTF-8"?>
<Scheme
   LastUpgradeVersion = "0510"
   version = "1.3">
   <BuildAction
      parallelizeBuildables = "YES"
      buildImplicitDependencies = "YES">
      <BuildActionEntries>
         <BuildActionEntry
            buildForTesting = "YES"
            buildForRunning = "YES"
            buildForProfiling = "YES"
            buildForArchiving = "YES"
            buildForAnalyzing = "YES">
            <BuildableReference
               BuildableIdentifier = "primary"
               BlueprintIdentifier = "1497BC36197EE3F800F2C632"
               BuildableName = "MHYahooParallaxViewExample.app"
               BlueprintName = "MHYahooParallaxViewExample"
               ReferencedContainer = "container:MHYahooParallaxViewExample.xcodeproj">
            </BuildableReference>
         </BuildActionEntry>
      </BuildActionEntries>
   </BuildAction>
   <TestAction
      selectedDebuggerIdentifier = "Xcode.DebuggerFoundation.Debugger.LLDB"
      selectedLauncherIdentifier = "Xcode.DebuggerFoundation.Launcher.LLDB"
      shouldUseLaunchSchemeArgsEnv = "YES"
      buildConfiguration = "Debug">
      <Testables>
         <TestableReference
            skipped = "NO">
            <BuildableReference
               BuildableIdentifier = "primary"
               BlueprintIdentifier = "1497BC57197EE3F800F2C632"
               BuildableName = "MHYahooParallaxViewExampleTests.xctest"
               BlueprintName = "MHYahooParallaxViewExampleTests"
               ReferencedContainer = "container:MHYahooParallaxViewExample.xcodeproj">
            </BuildableReference>
         </TestableReference>
         <TestableReference
            skipped = "NO">
            <BuildableReference
               BuildableIdentifier = "primary"
               BlueprintIdentifier = "14FC4857198BF4540084C7DC"
               BuildableName = "SimpleHorizontalTests.xctest"
               BlueprintName = "SimpleHorizontalTests"
               ReferencedContainer = "container:MHYahooParallaxViewExample.xcodeproj">
            </BuildableReference>
         </TestableReference>
         <TestableReference
            skipped = "NO">
            <BuildableReference
               BuildableIdentifier = "primary"
               BlueprintIdentifier = "14DE3208198BFCB5001391A3"
               BuildableName = "SimpleVerticalTests.xctest"
               BlueprintName = "SimpleVerticalTests"
               ReferencedContainer = "container:MHYahooParallaxViewExample.xcodeproj">
            </BuildableReference>
         </TestableReference>
         <TestableReference
            skipped = "NO">
            <BuildableReference
               BuildableIdentifier = "primary"
               BlueprintIdentifier = "149C955E198EC92200AFF518"
               BuildableName = "YahooWeatherExampleTests.xctest"
               BlueprintName = "YahooWeatherExampleTests"
               ReferencedContainer = "container:MHYahooParallaxViewExample.xcodeproj">
            </BuildableReference>
         </TestableReference>
      </Testables>
      <MacroExpansion>
         <BuildableReference
            BuildableIdentifier = "primary"
            BlueprintIdentifier = "1497BC36197EE3F800F2C632"
            BuildableName = "MHYahooParallaxViewExample.app"
            BlueprintName = "MHYahooParallaxViewExample"
            ReferencedContainer = "container:MHYahooParallaxViewExample.xcodeproj">
         </BuildableReference>
      </MacroExpansion>
   </TestAction>
   <LaunchAction
      selectedDebuggerIdentifier = "Xcode.DebuggerFoundation.Debugger.LLDB"
      selectedLauncherIdentifier = "Xcode.DebuggerFoundation.Launcher.LLDB"
      launchStyle = "0"
      useCustomWorkingDirectory = "NO"
      buildConfiguration = "Debug"
      ignoresPersistentStateOnLaunch = "NO"
      debugDocumentVersioning = "YES"
      allowLocationSimulation = "YES">
      <BuildableProductRunnable>
         <BuildableReference
            BuildableIdentifier = "primary"
            BlueprintIdentifier = "1497BC36197EE3F800F2C632"
            BuildableName = "MHYahooParallaxViewExample.app"
            BlueprintName = "MHYahooParallaxViewExample"
            ReferencedContainer = "container:MHYahooParallaxViewExample.xcodeproj">
         </BuildableReference>
      </BuildableProductRunnable>
      <AdditionalOptions>
      </AdditionalOptions>
   </LaunchAction>
   <ProfileAction
      shouldUseLaunchSchemeArgsEnv = "YES"
      savedToolIdentifier = ""
      useCustomWorkingDirectory = "NO"
      buildConfiguration = "Release"
      debugDocumentVersioning = "YES">
      <BuildableProductRunnable>
         <BuildableReference
            BuildableIdentifier = "primary"
            BlueprintIdentifier = "1497BC36197EE3F800F2C632"
            BuildableName = "MHYahooParallaxViewExample.app"
            BlueprintName = "MHYahooParallaxViewExample"
            ReferencedContainer = "container:MHYahooParallaxViewExample.xcodeproj">
         </BuildableReference>
      </BuildableProductRunnable>
   </ProfileAction>
   <AnalyzeAction
      buildConfiguration = "Debug">
   </AnalyzeAction>
   <ArchiveAction
      buildConfiguration = "Release"
      revealArchiveInOrganizer = "YES">
   </ArchiveAction>
</Scheme>
