// !$*UTF8*$!
{
	archiveVersion = 1;
	classes = {
	};
	objectVersion = 46;
	objects = {

/* Begin PBXBuildFile section */
		1497BC3B197EE3F800F2C632 /* Foundation.framework in Frameworks */ = {isa = PBXBuildFile; fileRef = 1497BC3A197EE3F800F2C632 /* Foundation.framework */; };
		1497BC3D197EE3F800F2C632 /* CoreGraphics.framework in Frameworks */ = {isa = PBXBuildFile; fileRef = 1497BC3C197EE3F800F2C632 /* CoreGraphics.framework */; };
		1497BC3F197EE3F800F2C632 /* UIKit.framework in Frameworks */ = {isa = PBXBuildFile; fileRef = 1497BC3E197EE3F800F2C632 /* UIKit.framework */; };
		1497BC45197EE3F800F2C632 /* InfoPlist.strings in Resources */ = {isa = PBXBuildFile; fileRef = 1497BC43197EE3F800F2C632 /* InfoPlist.strings */; };
		1497BC47197EE3F800F2C632 /* main.m in Sources */ = {isa = PBXBuildFile; fileRef = 1497BC46197EE3F800F2C632 /* main.m */; };
		1497BC4B197EE3F800F2C632 /* AppDelegate.m in Sources */ = {isa = PBXBuildFile; fileRef = 1497BC4A197EE3F800F2C632 /* AppDelegate.m */; };
		1497BC4E197EE3F800F2C632 /* Main.storyboard in Resources */ = {isa = PBXBuildFile; fileRef = 1497BC4C197EE3F800F2C632 /* Main.storyboard */; };
		1497BC51197EE3F800F2C632 /* ViewController.m in Sources */ = {isa = PBXBuildFile; fileRef = 1497BC50197EE3F800F2C632 /* ViewController.m */; };
		1497BC53197EE3F800F2C632 /* Images.xcassets in Resources */ = {isa = PBXBuildFile; fileRef = 1497BC52197EE3F800F2C632 /* Images.xcassets */; };
		1497BC5A197EE3F800F2C632 /* XCTest.framework in Frameworks */ = {isa = PBXBuildFile; fileRef = 1497BC59197EE3F800F2C632 /* XCTest.framework */; };
		1497BC5B197EE3F800F2C632 /* Foundation.framework in Frameworks */ = {isa = PBXBuildFile; fileRef = 1497BC3A197EE3F800F2C632 /* Foundation.framework */; };
		1497BC5C197EE3F800F2C632 /* UIKit.framework in Frameworks */ = {isa = PBXBuildFile; fileRef = 1497BC3E197EE3F800F2C632 /* UIKit.framework */; };
		1497BC64197EE3F800F2C632 /* InfoPlist.strings in Resources */ = {isa = PBXBuildFile; fileRef = 1497BC62197EE3F800F2C632 /* InfoPlist.strings */; };
		1497BC66197EE3F800F2C632 /* MHYahooParallaxViewExampleTests.m in Sources */ = {isa = PBXBuildFile; fileRef = 1497BC65197EE3F800F2C632 /* MHYahooParallaxViewExampleTests.m */; };
		149C953C198EC70C00AFF518 /* MHTsekotCell.m in Sources */ = {isa = PBXBuildFile; fileRef = 149C9539198EC70C00AFF518 /* MHTsekotCell.m */; };
		149C953D198EC70C00AFF518 /* MHYahooWeatherParallaxCell.m in Sources */ = {isa = PBXBuildFile; fileRef = 149C953B198EC70C00AFF518 /* MHYahooWeatherParallaxCell.m */; };
		149C9544198EC92200AFF518 /* Foundation.framework in Frameworks */ = {isa = PBXBuildFile; fileRef = 1497BC3A197EE3F800F2C632 /* Foundation.framework */; };
		149C9545198EC92200AFF518 /* CoreGraphics.framework in Frameworks */ = {isa = PBXBuildFile; fileRef = 1497BC3C197EE3F800F2C632 /* CoreGraphics.framework */; };
		149C9546198EC92200AFF518 /* UIKit.framework in Frameworks */ = {isa = PBXBuildFile; fileRef = 1497BC3E197EE3F800F2C632 /* UIKit.framework */; };
		149C954C198EC92200AFF518 /* InfoPlist.strings in Resources */ = {isa = PBXBuildFile; fileRef = 149C954A198EC92200AFF518 /* InfoPlist.strings */; };
		149C954E198EC92200AFF518 /* main.m in Sources */ = {isa = PBXBuildFile; fileRef = 149C954D198EC92200AFF518 /* main.m */; };
		149C9552198EC92200AFF518 /* AppDelegate.m in Sources */ = {isa = PBXBuildFile; fileRef = 149C9551198EC92200AFF518 /* AppDelegate.m */; };
		149C9555198EC92200AFF518 /* Main.storyboard in Resources */ = {isa = PBXBuildFile; fileRef = 149C9553198EC92200AFF518 /* Main.storyboard */; };
		149C9558198EC92200AFF518 /* ViewController.m in Sources */ = {isa = PBXBuildFile; fileRef = 149C9557198EC92200AFF518 /* ViewController.m */; };
		149C955A198EC92200AFF518 /* Images.xcassets in Resources */ = {isa = PBXBuildFile; fileRef = 149C9559198EC92200AFF518 /* Images.xcassets */; };
		149C9560198EC92200AFF518 /* XCTest.framework in Frameworks */ = {isa = PBXBuildFile; fileRef = 1497BC59197EE3F800F2C632 /* XCTest.framework */; };
		149C9561198EC92200AFF518 /* Foundation.framework in Frameworks */ = {isa = PBXBuildFile; fileRef = 1497BC3A197EE3F800F2C632 /* Foundation.framework */; };
		149C9562198EC92200AFF518 /* UIKit.framework in Frameworks */ = {isa = PBXBuildFile; fileRef = 1497BC3E197EE3F800F2C632 /* UIKit.framework */; };
		149C956A198EC92200AFF518 /* InfoPlist.strings in Resources */ = {isa = PBXBuildFile; fileRef = 149C9568198EC92200AFF518 /* InfoPlist.strings */; };
		149C956C198EC92200AFF518 /* YahooWeatherExampleTests.m in Sources */ = {isa = PBXBuildFile; fileRef = 149C956B198EC92200AFF518 /* YahooWeatherExampleTests.m */; };
		149C9574198ECA7400AFF518 /* MHYahooParallaxView.m in Sources */ = {isa = PBXBuildFile; fileRef = 14F03040198EC60400F6EA24 /* MHYahooParallaxView.m */; };
		149C9575198ECA7400AFF518 /* MHYahooParallaxCollectionViewLayout.m in Sources */ = {isa = PBXBuildFile; fileRef = 14F03042198EC60400F6EA24 /* MHYahooParallaxCollectionViewLayout.m */; };
		149C9576198ECA7400AFF518 /* MHYahooWeatherParallaxCell.m in Sources */ = {isa = PBXBuildFile; fileRef = 149C953B198EC70C00AFF518 /* MHYahooWeatherParallaxCell.m */; };
		149C9577198ECB1200AFF518 /* 0.jpg in Resources */ = {isa = PBXBuildFile; fileRef = 1497BC8E197EEE1200F2C632 /* 0.jpg */; };
		149C9578198ECB1200AFF518 /* 1.jpg in Resources */ = {isa = PBXBuildFile; fileRef = 1497BC8F197EEE1200F2C632 /* 1.jpg */; };
		149C9579198ECB1200AFF518 /* 2.jpg in Resources */ = {isa = PBXBuildFile; fileRef = 1497BC90197EEE1200F2C632 /* 2.jpg */; };
		149C957A198ECB1200AFF518 /* 3.jpg in Resources */ = {isa = PBXBuildFile; fileRef = 1497BC91197EEE1200F2C632 /* 3.jpg */; };
		149C957B198ECB1200AFF518 /* 4.jpg in Resources */ = {isa = PBXBuildFile; fileRef = 1497BC92197EEE1200F2C632 /* 4.jpg */; };
		14DE322A198C0028001391A3 /* header_bg.png in Resources */ = {isa = PBXBuildFile; fileRef = 14DE3228198C0028001391A3 /* header_bg.png */; };
		14DE322B198C0028001391A3 /* header_bg@2x.png in Resources */ = {isa = PBXBuildFile; fileRef = 14DE3229198C0028001391A3 /* header_bg@2x.png */; };
		14DE3237198C0316001391A3 /* subaru-0.jpg in Resources */ = {isa = PBXBuildFile; fileRef = 14DE322D198C0316001391A3 /* subaru-0.jpg */; };
		14DE3238198C0316001391A3 /* subaru-1.jpg in Resources */ = {isa = PBXBuildFile; fileRef = 14DE322E198C0316001391A3 /* subaru-1.jpg */; };
		14DE3239198C0316001391A3 /* subaru-2.jpg in Resources */ = {isa = PBXBuildFile; fileRef = 14DE322F198C0316001391A3 /* subaru-2.jpg */; };
		14DE323A198C0316001391A3 /* subaru-3.jpg in Resources */ = {isa = PBXBuildFile; fileRef = 14DE3230198C0316001391A3 /* subaru-3.jpg */; };
		14DE323B198C0316001391A3 /* subaru-4.jpg in Resources */ = {isa = PBXBuildFile; fileRef = 14DE3231198C0316001391A3 /* subaru-4.jpg */; };
		14DE323C198C0316001391A3 /* subaru-5.jpg in Resources */ = {isa = PBXBuildFile; fileRef = 14DE3232198C0316001391A3 /* subaru-5.jpg */; };
		14DE323D198C0316001391A3 /* subaru-6.jpg in Resources */ = {isa = PBXBuildFile; fileRef = 14DE3233198C0316001391A3 /* subaru-6.jpg */; };
		14DE323E198C0316001391A3 /* subaru-7.jpg in Resources */ = {isa = PBXBuildFile; fileRef = 14DE3234198C0316001391A3 /* subaru-7.jpg */; };
		14DE323F198C0316001391A3 /* subaru-8.jpg in Resources */ = {isa = PBXBuildFile; fileRef = 14DE3235198C0316001391A3 /* subaru-8.jpg */; };
		14DE3240198C0316001391A3 /* subaru-9.jpg in Resources */ = {isa = PBXBuildFile; fileRef = 14DE3236198C0316001391A3 /* subaru-9.jpg */; };
		14DE3247198C04FF001391A3 /* content-1.png in Resources */ = {isa = PBXBuildFile; fileRef = 14DE3241198C04FF001391A3 /* content-1.png */; };
		14DE3248198C04FF001391A3 /* content-1@2x.png in Resources */ = {isa = PBXBuildFile; fileRef = 14DE3242198C04FF001391A3 /* content-1@2x.png */; };
		14DE3249198C04FF001391A3 /* content-2.png in Resources */ = {isa = PBXBuildFile; fileRef = 14DE3243198C04FF001391A3 /* content-2.png */; };
		14DE324A198C04FF001391A3 /* content-2@2x.png in Resources */ = {isa = PBXBuildFile; fileRef = 14DE3244198C04FF001391A3 /* content-2@2x.png */; };
		14DE324B198C04FF001391A3 /* content-3.png in Resources */ = {isa = PBXBuildFile; fileRef = 14DE3245198C04FF001391A3 /* content-3.png */; };
		14DE324C198C04FF001391A3 /* content-3@2x.png in Resources */ = {isa = PBXBuildFile; fileRef = 14DE3246198C04FF001391A3 /* content-3@2x.png */; };
		14F03044198EC60500F6EA24 /* MHYahooParallaxView.m in Sources */ = {isa = PBXBuildFile; fileRef = 14F03040198EC60400F6EA24 /* MHYahooParallaxView.m */; };
		14F03045198EC60500F6EA24 /* MHYahooParallaxCollectionViewLayout.m in Sources */ = {isa = PBXBuildFile; fileRef = 14F03042198EC60400F6EA24 /* MHYahooParallaxCollectionViewLayout.m */; };
/* End PBXBuildFile section */

/* Begin PBXContainerItemProxy section */
		1497BC5D197EE3F800F2C632 /* PBXContainerItemProxy */ = {
			isa = PBXContainerItemProxy;
			containerPortal = 1497BC2F197EE3F800F2C632 /* Project object */;
			proxyType = 1;
			remoteGlobalIDString = 1497BC36197EE3F800F2C632;
			remoteInfo = MHYahooParallaxViewExample;
		};
		149C9563198EC92200AFF518 /* PBXContainerItemProxy */ = {
			isa = PBXContainerItemProxy;
			containerPortal = 1497BC2F197EE3F800F2C632 /* Project object */;
			proxyType = 1;
			remoteGlobalIDString = 149C9542198EC92100AFF518;
			remoteInfo = YahooWeatherExample;
		};
/* End PBXContainerItemProxy section */

/* Begin PBXFileReference section */
		1497BC37197EE3F800F2C632 /* MHYahooParallaxViewExample.app */ = {isa = PBXFileReference; explicitFileType = wrapper.application; includeInIndex = 0; path = MHYahooParallaxViewExample.app; sourceTree = BUILT_PRODUCTS_DIR; };
		1497BC3A197EE3F800F2C632 /* Foundation.framework */ = {isa = PBXFileReference; lastKnownFileType = wrapper.framework; name = Foundation.framework; path = System/Library/Frameworks/Foundation.framework; sourceTree = SDKROOT; };
		1497BC3C197EE3F800F2C632 /* CoreGraphics.framework */ = {isa = PBXFileReference; lastKnownFileType = wrapper.framework; name = CoreGraphics.framework; path = System/Library/Frameworks/CoreGraphics.framework; sourceTree = SDKROOT; };
		1497BC3E197EE3F800F2C632 /* UIKit.framework */ = {isa = PBXFileReference; lastKnownFileType = wrapper.framework; name = UIKit.framework; path = System/Library/Frameworks/UIKit.framework; sourceTree = SDKROOT; };
		1497BC42197EE3F800F2C632 /* MHYahooParallaxViewExample-Info.plist */ = {isa = PBXFileReference; lastKnownFileType = text.plist.xml; path = "MHYahooParallaxViewExample-Info.plist"; sourceTree = "<group>"; };
		1497BC44197EE3F800F2C632 /* en */ = {isa = PBXFileReference; lastKnownFileType = text.plist.strings; name = en; path = en.lproj/InfoPlist.strings; sourceTree = "<group>"; };
		1497BC46197EE3F800F2C632 /* main.m */ = {isa = PBXFileReference; lastKnownFileType = sourcecode.c.objc; path = main.m; sourceTree = "<group>"; };
		1497BC48197EE3F800F2C632 /* MHYahooParallaxViewExample-Prefix.pch */ = {isa = PBXFileReference; lastKnownFileType = sourcecode.c.h; path = "MHYahooParallaxViewExample-Prefix.pch"; sourceTree = "<group>"; };
		1497BC49197EE3F800F2C632 /* AppDelegate.h */ = {isa = PBXFileReference; lastKnownFileType = sourcecode.c.h; path = AppDelegate.h; sourceTree = "<group>"; };
		1497BC4A197EE3F800F2C632 /* AppDelegate.m */ = {isa = PBXFileReference; lastKnownFileType = sourcecode.c.objc; path = AppDelegate.m; sourceTree = "<group>"; };
		1497BC4D197EE3F800F2C632 /* Base */ = {isa = PBXFileReference; lastKnownFileType = file.storyboard; name = Base; path = Base.lproj/Main.storyboard; sourceTree = "<group>"; };
		1497BC4F197EE3F800F2C632 /* ViewController.h */ = {isa = PBXFileReference; lastKnownFileType = sourcecode.c.h; path = ViewController.h; sourceTree = "<group>"; };
		1497BC50197EE3F800F2C632 /* ViewController.m */ = {isa = PBXFileReference; lastKnownFileType = sourcecode.c.objc; path = ViewController.m; sourceTree = "<group>"; };
		1497BC52197EE3F800F2C632 /* Images.xcassets */ = {isa = PBXFileReference; lastKnownFileType = folder.assetcatalog; path = Images.xcassets; sourceTree = "<group>"; };
		1497BC58197EE3F800F2C632 /* MHYahooParallaxViewExampleTests.xctest */ = {isa = PBXFileReference; explicitFileType = wrapper.cfbundle; includeInIndex = 0; path = MHYahooParallaxViewExampleTests.xctest; sourceTree = BUILT_PRODUCTS_DIR; };
		1497BC59197EE3F800F2C632 /* XCTest.framework */ = {isa = PBXFileReference; lastKnownFileType = wrapper.framework; name = XCTest.framework; path = Library/Frameworks/XCTest.framework; sourceTree = DEVELOPER_DIR; };
		1497BC61197EE3F800F2C632 /* MHYahooParallaxViewExampleTests-Info.plist */ = {isa = PBXFileReference; lastKnownFileType = text.plist.xml; path = "MHYahooParallaxViewExampleTests-Info.plist"; sourceTree = "<group>"; };
		1497BC63197EE3F800F2C632 /* en */ = {isa = PBXFileReference; lastKnownFileType = text.plist.strings; name = en; path = en.lproj/InfoPlist.strings; sourceTree = "<group>"; };
		1497BC65197EE3F800F2C632 /* MHYahooParallaxViewExampleTests.m */ = {isa = PBXFileReference; lastKnownFileType = sourcecode.c.objc; path = MHYahooParallaxViewExampleTests.m; sourceTree = "<group>"; };
		1497BC8E197EEE1200F2C632 /* 0.jpg */ = {isa = PBXFileReference; lastKnownFileType = image.jpeg; path = 0.jpg; sourceTree = "<group>"; };
		1497BC8F197EEE1200F2C632 /* 1.jpg */ = {isa = PBXFileReference; lastKnownFileType = image.jpeg; path = 1.jpg; sourceTree = "<group>"; };
		1497BC90197EEE1200F2C632 /* 2.jpg */ = {isa = PBXFileReference; lastKnownFileType = image.jpeg; path = 2.jpg; sourceTree = "<group>"; };
		1497BC91197EEE1200F2C632 /* 3.jpg */ = {isa = PBXFileReference; lastKnownFileType = image.jpeg; path = 3.jpg; sourceTree = "<group>"; };
		1497BC92197EEE1200F2C632 /* 4.jpg */ = {isa = PBXFileReference; lastKnownFileType = image.jpeg; path = 4.jpg; sourceTree = "<group>"; };
		149C9538198EC70C00AFF518 /* MHTsekotCell.h */ = {isa = PBXFileReference; fileEncoding = 4; lastKnownFileType = sourcecode.c.h; path = MHTsekotCell.h; sourceTree = "<group>"; };
		149C9539198EC70C00AFF518 /* MHTsekotCell.m */ = {isa = PBXFileReference; fileEncoding = 4; lastKnownFileType = sourcecode.c.objc; path = MHTsekotCell.m; sourceTree = "<group>"; };
		149C953A198EC70C00AFF518 /* MHYahooWeatherParallaxCell.h */ = {isa = PBXFileReference; fileEncoding = 4; lastKnownFileType = sourcecode.c.h; name = MHYahooWeatherParallaxCell.h; path = ../MHYahooParallaxViewExample/MHYahooWeatherParallaxCell.h; sourceTree = "<group>"; };
		149C953B198EC70C00AFF518 /* MHYahooWeatherParallaxCell.m */ = {isa = PBXFileReference; fileEncoding = 4; lastKnownFileType = sourcecode.c.objc; name = MHYahooWeatherParallaxCell.m; path = ../MHYahooParallaxViewExample/MHYahooWeatherParallaxCell.m; sourceTree = "<group>"; };
		149C9543198EC92100AFF518 /* YahooWeatherExample.app */ = {isa = PBXFileReference; explicitFileType = wrapper.application; includeInIndex = 0; path = YahooWeatherExample.app; sourceTree = BUILT_PRODUCTS_DIR; };
		149C9549198EC92200AFF518 /* YahooWeatherExample-Info.plist */ = {isa = PBXFileReference; lastKnownFileType = text.plist.xml; path = "YahooWeatherExample-Info.plist"; sourceTree = "<group>"; };
		149C954B198EC92200AFF518 /* en */ = {isa = PBXFileReference; lastKnownFileType = text.plist.strings; name = en; path = en.lproj/InfoPlist.strings; sourceTree = "<group>"; };
		149C954D198EC92200AFF518 /* main.m */ = {isa = PBXFileReference; lastKnownFileType = sourcecode.c.objc; path = main.m; sourceTree = "<group>"; };
		149C954F198EC92200AFF518 /* YahooWeatherExample-Prefix.pch */ = {isa = PBXFileReference; lastKnownFileType = sourcecode.c.h; path = "YahooWeatherExample-Prefix.pch"; sourceTree = "<group>"; };
		149C9550198EC92200AFF518 /* AppDelegate.h */ = {isa = PBXFileReference; lastKnownFileType = sourcecode.c.h; path = AppDelegate.h; sourceTree = "<group>"; };
		149C9551198EC92200AFF518 /* AppDelegate.m */ = {isa = PBXFileReference; lastKnownFileType = sourcecode.c.objc; path = AppDelegate.m; sourceTree = "<group>"; };
		149C9554198EC92200AFF518 /* Base */ = {isa = PBXFileReference; lastKnownFileType = file.storyboard; name = Base; path = Base.lproj/Main.storyboard; sourceTree = "<group>"; };
		149C9556198EC92200AFF518 /* ViewController.h */ = {isa = PBXFileReference; lastKnownFileType = sourcecode.c.h; path = ViewController.h; sourceTree = "<group>"; };
		149C9557198EC92200AFF518 /* ViewController.m */ = {isa = PBXFileReference; lastKnownFileType = sourcecode.c.objc; path = ViewController.m; sourceTree = "<group>"; };
		149C9559198EC92200AFF518 /* Images.xcassets */ = {isa = PBXFileReference; lastKnownFileType = folder.assetcatalog; path = Images.xcassets; sourceTree = "<group>"; };
		149C955F198EC92200AFF518 /* YahooWeatherExampleTests.xctest */ = {isa = PBXFileReference; explicitFileType = wrapper.cfbundle; includeInIndex = 0; path = YahooWeatherExampleTests.xctest; sourceTree = BUILT_PRODUCTS_DIR; };
		149C9567198EC92200AFF518 /* YahooWeatherExampleTests-Info.plist */ = {isa = PBXFileReference; lastKnownFileType = text.plist.xml; path = "YahooWeatherExampleTests-Info.plist"; sourceTree = "<group>"; };
		149C9569198EC92200AFF518 /* en */ = {isa = PBXFileReference; lastKnownFileType = text.plist.strings; name = en; path = en.lproj/InfoPlist.strings; sourceTree = "<group>"; };
		149C956B198EC92200AFF518 /* YahooWeatherExampleTests.m */ = {isa = PBXFileReference; lastKnownFileType = sourcecode.c.objc; path = YahooWeatherExampleTests.m; sourceTree = "<group>"; };
		14DE3228198C0028001391A3 /* header_bg.png */ = {isa = PBXFileReference; lastKnownFileType = image.png; path = header_bg.png; sourceTree = "<group>"; };
		14DE3229198C0028001391A3 /* header_bg@2x.png */ = {isa = PBXFileReference; lastKnownFileType = image.png; path = "header_bg@2x.png"; sourceTree = "<group>"; };
		14DE322D198C0316001391A3 /* subaru-0.jpg */ = {isa = PBXFileReference; lastKnownFileType = image.jpeg; path = "subaru-0.jpg"; sourceTree = "<group>"; };
		14DE322E198C0316001391A3 /* subaru-1.jpg */ = {isa = PBXFileReference; lastKnownFileType = image.jpeg; path = "subaru-1.jpg"; sourceTree = "<group>"; };
		14DE322F198C0316001391A3 /* subaru-2.jpg */ = {isa = PBXFileReference; lastKnownFileType = image.jpeg; path = "subaru-2.jpg"; sourceTree = "<group>"; };
		14DE3230198C0316001391A3 /* subaru-3.jpg */ = {isa = PBXFileReference; lastKnownFileType = image.jpeg; path = "subaru-3.jpg"; sourceTree = "<group>"; };
		14DE3231198C0316001391A3 /* subaru-4.jpg */ = {isa = PBXFileReference; lastKnownFileType = image.jpeg; path = "subaru-4.jpg"; sourceTree = "<group>"; };
		14DE3232198C0316001391A3 /* subaru-5.jpg */ = {isa = PBXFileReference; lastKnownFileType = image.jpeg; path = "subaru-5.jpg"; sourceTree = "<group>"; };
		14DE3233198C0316001391A3 /* subaru-6.jpg */ = {isa = PBXFileReference; lastKnownFileType = image.jpeg; path = "subaru-6.jpg"; sourceTree = "<group>"; };
		14DE3234198C0316001391A3 /* subaru-7.jpg */ = {isa = PBXFileReference; lastKnownFileType = image.jpeg; path = "subaru-7.jpg"; sourceTree = "<group>"; };
		14DE3235198C0316001391A3 /* subaru-8.jpg */ = {isa = PBXFileReference; lastKnownFileType = image.jpeg; path = "subaru-8.jpg"; sourceTree = "<group>"; };
		14DE3236198C0316001391A3 /* subaru-9.jpg */ = {isa = PBXFileReference; lastKnownFileType = image.jpeg; path = "subaru-9.jpg"; sourceTree = "<group>"; };
		14DE3241198C04FF001391A3 /* content-1.png */ = {isa = PBXFileReference; lastKnownFileType = image.png; path = "content-1.png"; sourceTree = "<group>"; };
		14DE3242198C04FF001391A3 /* content-1@2x.png */ = {isa = PBXFileReference; lastKnownFileType = image.png; path = "content-1@2x.png"; sourceTree = "<group>"; };
		14DE3243198C04FF001391A3 /* content-2.png */ = {isa = PBXFileReference; lastKnownFileType = image.png; path = "content-2.png"; sourceTree = "<group>"; };
		14DE3244198C04FF001391A3 /* content-2@2x.png */ = {isa = PBXFileReference; lastKnownFileType = image.png; path = "content-2@2x.png"; sourceTree = "<group>"; };
		14DE3245198C04FF001391A3 /* content-3.png */ = {isa = PBXFileReference; lastKnownFileType = image.png; path = "content-3.png"; sourceTree = "<group>"; };
		14DE3246198C04FF001391A3 /* content-3@2x.png */ = {isa = PBXFileReference; lastKnownFileType = image.png; path = "content-3@2x.png"; sourceTree = "<group>"; };
		14F03040198EC60400F6EA24 /* MHYahooParallaxView.m */ = {isa = PBXFileReference; fileEncoding = 4; lastKnownFileType = sourcecode.c.objc; path = MHYahooParallaxView.m; sourceTree = "<group>"; };
		14F03041198EC60400F6EA24 /* MHYahooParallaxView.h */ = {isa = PBXFileReference; fileEncoding = 4; lastKnownFileType = sourcecode.c.h; path = MHYahooParallaxView.h; sourceTree = "<group>"; };
		14F03042198EC60400F6EA24 /* MHYahooParallaxCollectionViewLayout.m */ = {isa = PBXFileReference; fileEncoding = 4; lastKnownFileType = sourcecode.c.objc; path = MHYahooParallaxCollectionViewLayout.m; sourceTree = "<group>"; };
		14F03043198EC60400F6EA24 /* MHYahooParallaxCollectionViewLayout.h */ = {isa = PBXFileReference; fileEncoding = 4; lastKnownFileType = sourcecode.c.h; path = MHYahooParallaxCollectionViewLayout.h; sourceTree = "<group>"; };
/* End PBXFileReference section */

/* Begin PBXFrameworksBuildPhase section */
		1497BC34197EE3F800F2C632 /* Frameworks */ = {
			isa = PBXFrameworksBuildPhase;
			buildActionMask = 2147483647;
			files = (
				1497BC3D197EE3F800F2C632 /* CoreGraphics.framework in Frameworks */,
				1497BC3F197EE3F800F2C632 /* UIKit.framework in Frameworks */,
				1497BC3B197EE3F800F2C632 /* Foundation.framework in Frameworks */,
			);
			runOnlyForDeploymentPostprocessing = 0;
		};
		1497BC55197EE3F800F2C632 /* Frameworks */ = {
			isa = PBXFrameworksBuildPhase;
			buildActionMask = 2147483647;
			files = (
				1497BC5A197EE3F800F2C632 /* XCTest.framework in Frameworks */,
				1497BC5C197EE3F800F2C632 /* UIKit.framework in Frameworks */,
				1497BC5B197EE3F800F2C632 /* Foundation.framework in Frameworks */,
			);
			runOnlyForDeploymentPostprocessing = 0;
		};
		149C9540198EC92100AFF518 /* Frameworks */ = {
			isa = PBXFrameworksBuildPhase;
			buildActionMask = 2147483647;
			files = (
				149C9545198EC92200AFF518 /* CoreGraphics.framework in Frameworks */,
				149C9546198EC92200AFF518 /* UIKit.framework in Frameworks */,
				149C9544198EC92200AFF518 /* Foundation.framework in Frameworks */,
			);
			runOnlyForDeploymentPostprocessing = 0;
		};
		149C955C198EC92200AFF518 /* Frameworks */ = {
			isa = PBXFrameworksBuildPhase;
			buildActionMask = 2147483647;
			files = (
				149C9560198EC92200AFF518 /* XCTest.framework in Frameworks */,
				149C9562198EC92200AFF518 /* UIKit.framework in Frameworks */,
				149C9561198EC92200AFF518 /* Foundation.framework in Frameworks */,
			);
			runOnlyForDeploymentPostprocessing = 0;
		};
/* End PBXFrameworksBuildPhase section */

/* Begin PBXGroup section */
		1434BE261980003E00DE8257 /* Classes */ = {
			isa = PBXGroup;
			children = (
				14F03040198EC60400F6EA24 /* MHYahooParallaxView.m */,
				14F03041198EC60400F6EA24 /* MHYahooParallaxView.h */,
				14F03042198EC60400F6EA24 /* MHYahooParallaxCollectionViewLayout.m */,
				14F03043198EC60400F6EA24 /* MHYahooParallaxCollectionViewLayout.h */,
			);
			name = Classes;
			path = ../../Classes;
			sourceTree = "<group>";
		};
		1497BC2E197EE3F800F2C632 = {
			isa = PBXGroup;
			children = (
				1497BC40197EE3F800F2C632 /* MHYahooParallaxViewExample */,
				1497BC5F197EE3F800F2C632 /* MHYahooParallaxViewExampleTests */,
				149C9547198EC92200AFF518 /* YahooWeatherExample */,
				149C9565198EC92200AFF518 /* YahooWeatherExampleTests */,
				1497BC39197EE3F800F2C632 /* Frameworks */,
				1497BC38197EE3F800F2C632 /* Products */,
			);
			sourceTree = "<group>";
		};
		1497BC38197EE3F800F2C632 /* Products */ = {
			isa = PBXGroup;
			children = (
				1497BC37197EE3F800F2C632 /* MHYahooParallaxViewExample.app */,
				1497BC58197EE3F800F2C632 /* MHYahooParallaxViewExampleTests.xctest */,
				149C9543198EC92100AFF518 /* YahooWeatherExample.app */,
				149C955F198EC92200AFF518 /* YahooWeatherExampleTests.xctest */,
			);
			name = Products;
			sourceTree = "<group>";
		};
		1497BC39197EE3F800F2C632 /* Frameworks */ = {
			isa = PBXGroup;
			children = (
				1497BC3A197EE3F800F2C632 /* Foundation.framework */,
				1497BC3C197EE3F800F2C632 /* CoreGraphics.framework */,
				1497BC3E197EE3F800F2C632 /* UIKit.framework */,
				1497BC59197EE3F800F2C632 /* XCTest.framework */,
			);
			name = Frameworks;
			sourceTree = "<group>";
		};
		1497BC40197EE3F800F2C632 /* MHYahooParallaxViewExample */ = {
			isa = PBXGroup;
			children = (
				149C953E198EC78200AFF518 /* Images */,
				149C9537198EC6F900AFF518 /* CustomCells */,
				1434BE261980003E00DE8257 /* Classes */,
				1497BC49197EE3F800F2C632 /* AppDelegate.h */,
				1497BC4A197EE3F800F2C632 /* AppDelegate.m */,
				1497BC4C197EE3F800F2C632 /* Main.storyboard */,
				1497BC4F197EE3F800F2C632 /* ViewController.h */,
				1497BC50197EE3F800F2C632 /* ViewController.m */,
				1497BC52197EE3F800F2C632 /* Images.xcassets */,
				1497BC41197EE3F800F2C632 /* Supporting Files */,
			);
			path = MHYahooParallaxViewExample;
			sourceTree = "<group>";
		};
		1497BC41197EE3F800F2C632 /* Supporting Files */ = {
			isa = PBXGroup;
			children = (
				1497BC42197EE3F800F2C632 /* MHYahooParallaxViewExample-Info.plist */,
				1497BC43197EE3F800F2C632 /* InfoPlist.strings */,
				1497BC46197EE3F800F2C632 /* main.m */,
				1497BC48197EE3F800F2C632 /* MHYahooParallaxViewExample-Prefix.pch */,
			);
			name = "Supporting Files";
			sourceTree = "<group>";
		};
		1497BC5F197EE3F800F2C632 /* MHYahooParallaxViewExampleTests */ = {
			isa = PBXGroup;
			children = (
				1497BC65197EE3F800F2C632 /* MHYahooParallaxViewExampleTests.m */,
				1497BC60197EE3F800F2C632 /* Supporting Files */,
			);
			path = MHYahooParallaxViewExampleTests;
			sourceTree = "<group>";
		};
		1497BC60197EE3F800F2C632 /* Supporting Files */ = {
			isa = PBXGroup;
			children = (
				1497BC61197EE3F800F2C632 /* MHYahooParallaxViewExampleTests-Info.plist */,
				1497BC62197EE3F800F2C632 /* InfoPlist.strings */,
			);
			name = "Supporting Files";
			sourceTree = "<group>";
		};
		1497BC8D197EEE1200F2C632 /* Nature */ = {
			isa = PBXGroup;
			children = (
				1497BC8E197EEE1200F2C632 /* 0.jpg */,
				1497BC8F197EEE1200F2C632 /* 1.jpg */,
				1497BC90197EEE1200F2C632 /* 2.jpg */,
				1497BC91197EEE1200F2C632 /* 3.jpg */,
				1497BC92197EEE1200F2C632 /* 4.jpg */,
			);
			name = Nature;
			path = ../MHYahooParallaxViewExample/NATURE;
			sourceTree = "<group>";
		};
		149C9537198EC6F900AFF518 /* CustomCells */ = {
			isa = PBXGroup;
			children = (
				149C9538198EC70C00AFF518 /* MHTsekotCell.h */,
				149C9539198EC70C00AFF518 /* MHTsekotCell.m */,
			);
			name = CustomCells;
			sourceTree = "<group>";
		};
		149C953E198EC78200AFF518 /* Images */ = {
			isa = PBXGroup;
			children = (
				14DE3223198BFFDC001391A3 /* Tsekot */,
			);
			name = Images;
			sourceTree = "<group>";
		};
		149C9547198EC92200AFF518 /* YahooWeatherExample */ = {
			isa = PBXGroup;
			children = (
				149C9573198EC9F000AFF518 /* CustomCell for YahooWeather Example */,
				1497BC8D197EEE1200F2C632 /* Nature */,
				149C9550198EC92200AFF518 /* AppDelegate.h */,
				149C9551198EC92200AFF518 /* AppDelegate.m */,
				149C9553198EC92200AFF518 /* Main.storyboard */,
				149C9556198EC92200AFF518 /* ViewController.h */,
				149C9557198EC92200AFF518 /* ViewController.m */,
				149C9559198EC92200AFF518 /* Images.xcassets */,
				149C9548198EC92200AFF518 /* Supporting Files */,
			);
			path = YahooWeatherExample;
			sourceTree = "<group>";
		};
		149C9548198EC92200AFF518 /* Supporting Files */ = {
			isa = PBXGroup;
			children = (
				149C9549198EC92200AFF518 /* YahooWeatherExample-Info.plist */,
				149C954A198EC92200AFF518 /* InfoPlist.strings */,
				149C954D198EC92200AFF518 /* main.m */,
				149C954F198EC92200AFF518 /* YahooWeatherExample-Prefix.pch */,
			);
			name = "Supporting Files";
			sourceTree = "<group>";
		};
		149C9565198EC92200AFF518 /* YahooWeatherExampleTests */ = {
			isa = PBXGroup;
			children = (
				149C956B198EC92200AFF518 /* YahooWeatherExampleTests.m */,
				149C9566198EC92200AFF518 /* Supporting Files */,
			);
			path = YahooWeatherExampleTests;
			sourceTree = "<group>";
		};
		149C9566198EC92200AFF518 /* Supporting Files */ = {
			isa = PBXGroup;
			children = (
				149C9567198EC92200AFF518 /* YahooWeatherExampleTests-Info.plist */,
				149C9568198EC92200AFF518 /* InfoPlist.strings */,
			);
			name = "Supporting Files";
			sourceTree = "<group>";
		};
		149C9573198EC9F000AFF518 /* CustomCell for YahooWeather Example */ = {
			isa = PBXGroup;
			children = (
				149C953A198EC70C00AFF518 /* MHYahooWeatherParallaxCell.h */,
				149C953B198EC70C00AFF518 /* MHYahooWeatherParallaxCell.m */,
			);
			name = "CustomCell for YahooWeather Example";
			sourceTree = "<group>";
		};
		14DE3223198BFFDC001391A3 /* Tsekot */ = {
			isa = PBXGroup;
			children = (
				14DE3241198C04FF001391A3 /* content-1.png */,
				14DE3242198C04FF001391A3 /* content-1@2x.png */,
				14DE3243198C04FF001391A3 /* content-2.png */,
				14DE3244198C04FF001391A3 /* content-2@2x.png */,
				14DE3245198C04FF001391A3 /* content-3.png */,
				14DE3246198C04FF001391A3 /* content-3@2x.png */,
				14DE322C198C0316001391A3 /* BRZ */,
				14DE3228198C0028001391A3 /* header_bg.png */,
				14DE3229198C0028001391A3 /* header_bg@2x.png */,
			);
			name = Tsekot;
			sourceTree = "<group>";
		};
		14DE322C198C0316001391A3 /* BRZ */ = {
			isa = PBXGroup;
			children = (
				14DE322D198C0316001391A3 /* subaru-0.jpg */,
				14DE322E198C0316001391A3 /* subaru-1.jpg */,
				14DE322F198C0316001391A3 /* subaru-2.jpg */,
				14DE3230198C0316001391A3 /* subaru-3.jpg */,
				14DE3231198C0316001391A3 /* subaru-4.jpg */,
				14DE3232198C0316001391A3 /* subaru-5.jpg */,
				14DE3233198C0316001391A3 /* subaru-6.jpg */,
				14DE3234198C0316001391A3 /* subaru-7.jpg */,
				14DE3235198C0316001391A3 /* subaru-8.jpg */,
				14DE3236198C0316001391A3 /* subaru-9.jpg */,
			);
			path = BRZ;
			sourceTree = "<group>";
		};
/* End PBXGroup section */

/* Begin PBXNativeTarget section */
		1497BC36197EE3F800F2C632 /* MHYahooParallaxViewExample */ = {
			isa = PBXNativeTarget;
			buildConfigurationList = 1497BC69197EE3F800F2C632 /* Build configuration list for PBXNativeTarget "MHYahooParallaxViewExample" */;
			buildPhases = (
				1497BC33197EE3F800F2C632 /* Sources */,
				1497BC34197EE3F800F2C632 /* Frameworks */,
				1497BC35197EE3F800F2C632 /* Resources */,
			);
			buildRules = (
			);
			dependencies = (
			);
			name = MHYahooParallaxViewExample;
			productName = MHYahooParallaxViewExample;
			productReference = 1497BC37197EE3F800F2C632 /* MHYahooParallaxViewExample.app */;
			productType = "com.apple.product-type.application";
		};
		1497BC57197EE3F800F2C632 /* MHYahooParallaxViewExampleTests */ = {
			isa = PBXNativeTarget;
			buildConfigurationList = 1497BC6C197EE3F800F2C632 /* Build configuration list for PBXNativeTarget "MHYahooParallaxViewExampleTests" */;
			buildPhases = (
				1497BC54197EE3F800F2C632 /* Sources */,
				1497BC55197EE3F800F2C632 /* Frameworks */,
				1497BC56197EE3F800F2C632 /* Resources */,
			);
			buildRules = (
			);
			dependencies = (
				1497BC5E197EE3F800F2C632 /* PBXTargetDependency */,
			);
			name = MHYahooParallaxViewExampleTests;
			productName = MHYahooParallaxViewExampleTests;
			productReference = 1497BC58197EE3F800F2C632 /* MHYahooParallaxViewExampleTests.xctest */;
			productType = "com.apple.product-type.bundle.unit-test";
		};
		149C9542198EC92100AFF518 /* YahooWeatherExample */ = {
			isa = PBXNativeTarget;
			buildConfigurationList = 149C956D198EC92200AFF518 /* Build configuration list for PBXNativeTarget "YahooWeatherExample" */;
			buildPhases = (
				149C953F198EC92100AFF518 /* Sources */,
				149C9540198EC92100AFF518 /* Frameworks */,
				149C9541198EC92100AFF518 /* Resources */,
			);
			buildRules = (
			);
			dependencies = (
			);
			name = YahooWeatherExample;
			productName = YahooWeatherExample;
			productReference = 149C9543198EC92100AFF518 /* YahooWeatherExample.app */;
			productType = "com.apple.product-type.application";
		};
		149C955E198EC92200AFF518 /* YahooWeatherExampleTests */ = {
			isa = PBXNativeTarget;
			buildConfigurationList = 149C9570198EC92200AFF518 /* Build configuration list for PBXNativeTarget "YahooWeatherExampleTests" */;
			buildPhases = (
				149C955B198EC92200AFF518 /* Sources */,
				149C955C198EC92200AFF518 /* Frameworks */,
				149C955D198EC92200AFF518 /* Resources */,
			);
			buildRules = (
			);
			dependencies = (
				149C9564198EC92200AFF518 /* PBXTargetDependency */,
			);
			name = YahooWeatherExampleTests;
			productName = YahooWeatherExampleTests;
			productReference = 149C955F198EC92200AFF518 /* YahooWeatherExampleTests.xctest */;
			productType = "com.apple.product-type.bundle.unit-test";
		};
/* End PBXNativeTarget section */

/* Begin PBXProject section */
		1497BC2F197EE3F800F2C632 /* Project object */ = {
			isa = PBXProject;
			attributes = {
				LastUpgradeCheck = 0510;
				ORGANIZATIONNAME = "Michael Henry Pantaleon";
				TargetAttributes = {
					1497BC57197EE3F800F2C632 = {
						TestTargetID = 1497BC36197EE3F800F2C632;
					};
					149C955E198EC92200AFF518 = {
						TestTargetID = 1497BC36197EE3F800F2C632;
					};
				};
			};
			buildConfigurationList = 1497BC32197EE3F800F2C632 /* Build configuration list for PBXProject "MHYahooParallaxViewExample" */;
			compatibilityVersion = "Xcode 3.2";
			developmentRegion = English;
			hasScannedForEncodings = 0;
			knownRegions = (
				en,
				Base,
			);
			mainGroup = 1497BC2E197EE3F800F2C632;
			productRefGroup = 1497BC38197EE3F800F2C632 /* Products */;
			projectDirPath = "";
			projectRoot = "";
			targets = (
				1497BC36197EE3F800F2C632 /* MHYahooParallaxViewExample */,
				1497BC57197EE3F800F2C632 /* MHYahooParallaxViewExampleTests */,
				149C9542198EC92100AFF518 /* YahooWeatherExample */,
				149C955E198EC92200AFF518 /* YahooWeatherExampleTests */,
			);
		};
/* End PBXProject section */

/* Begin PBXResourcesBuildPhase section */
		1497BC35197EE3F800F2C632 /* Resources */ = {
			isa = PBXResourcesBuildPhase;
			buildActionMask = 2147483647;
			files = (
				14DE3249198C04FF001391A3 /* content-2.png in Resources */,
				14DE324B198C04FF001391A3 /* content-3.png in Resources */,
				14DE323F198C0316001391A3 /* subaru-8.jpg in Resources */,
				14DE323B198C0316001391A3 /* subaru-4.jpg in Resources */,
				14DE322A198C0028001391A3 /* header_bg.png in Resources */,
				14DE323E198C0316001391A3 /* subaru-7.jpg in Resources */,
				14DE3240198C0316001391A3 /* subaru-9.jpg in Resources */,
				1497BC53197EE3F800F2C632 /* Images.xcassets in Resources */,
				1497BC45197EE3F800F2C632 /* InfoPlist.strings in Resources */,
				14DE322B198C0028001391A3 /* header_bg@2x.png in Resources */,
				1497BC4E197EE3F800F2C632 /* Main.storyboard in Resources */,
				14DE3247198C04FF001391A3 /* content-1.png in Resources */,
				14DE3239198C0316001391A3 /* subaru-2.jpg in Resources */,
				14DE3237198C0316001391A3 /* subaru-0.jpg in Resources */,
				14DE3238198C0316001391A3 /* subaru-1.jpg in Resources */,
				14DE323A198C0316001391A3 /* subaru-3.jpg in Resources */,
				14DE323C198C0316001391A3 /* subaru-5.jpg in Resources */,
				14DE324C198C04FF001391A3 /* content-3@2x.png in Resources */,
				14DE3248198C04FF001391A3 /* content-1@2x.png in Resources */,
				14DE323D198C0316001391A3 /* subaru-6.jpg in Resources */,
				14DE324A198C04FF001391A3 /* content-2@2x.png in Resources */,
			);
			runOnlyForDeploymentPostprocessing = 0;
		};
		1497BC56197EE3F800F2C632 /* Resources */ = {
			isa = PBXResourcesBuildPhase;
			buildActionMask = 2147483647;
			files = (
				1497BC64197EE3F800F2C632 /* InfoPlist.strings in Resources */,
			);
			runOnlyForDeploymentPostprocessing = 0;
		};
		149C9541198EC92100AFF518 /* Resources */ = {
			isa = PBXResourcesBuildPhase;
			buildActionMask = 2147483647;
			files = (
				149C9577198ECB1200AFF518 /* 0.jpg in Resources */,
				149C9578198ECB1200AFF518 /* 1.jpg in Resources */,
				149C9579198ECB1200AFF518 /* 2.jpg in Resources */,
				149C957A198ECB1200AFF518 /* 3.jpg in Resources */,
				149C957B198ECB1200AFF518 /* 4.jpg in Resources */,
				149C955A198EC92200AFF518 /* Images.xcassets in Resources */,
				149C954C198EC92200AFF518 /* InfoPlist.strings in Resources */,
				149C9555198EC92200AFF518 /* Main.storyboard in Resources */,
			);
			runOnlyForDeploymentPostprocessing = 0;
		};
		149C955D198EC92200AFF518 /* Resources */ = {
			isa = PBXResourcesBuildPhase;
			buildActionMask = 2147483647;
			files = (
				149C956A198EC92200AFF518 /* InfoPlist.strings in Resources */,
			);
			runOnlyForDeploymentPostprocessing = 0;
		};
/* End PBXResourcesBuildPhase section */

/* Begin PBXSourcesBuildPhase section */
		1497BC33197EE3F800F2C632 /* Sources */ = {
			isa = PBXSourcesBuildPhase;
			buildActionMask = 2147483647;
			files = (
				1497BC51197EE3F800F2C632 /* ViewController.m in Sources */,
				14F03044198EC60500F6EA24 /* MHYahooParallaxView.m in Sources */,
				149C953C198EC70C00AFF518 /* MHTsekotCell.m in Sources */,
				1497BC4B197EE3F800F2C632 /* AppDelegate.m in Sources */,
				149C953D198EC70C00AFF518 /* MHYahooWeatherParallaxCell.m in Sources */,
				1497BC47197EE3F800F2C632 /* main.m in Sources */,
				14F03045198EC60500F6EA24 /* MHYahooParallaxCollectionViewLayout.m in Sources */,
			);
			runOnlyForDeploymentPostprocessing = 0;
		};
		1497BC54197EE3F800F2C632 /* Sources */ = {
			isa = PBXSourcesBuildPhase;
			buildActionMask = 2147483647;
			files = (
				1497BC66197EE3F800F2C632 /* MHYahooParallaxViewExampleTests.m in Sources */,
			);
			runOnlyForDeploymentPostprocessing = 0;
		};
		149C953F198EC92100AFF518 /* Sources */ = {
			isa = PBXSourcesBuildPhase;
			buildActionMask = 2147483647;
			files = (
				149C9574198ECA7400AFF518 /* MHYahooParallaxView.m in Sources */,
				149C9575198ECA7400AFF518 /* MHYahooParallaxCollectionViewLayout.m in Sources */,
				149C9576198ECA7400AFF518 /* MHYahooWeatherParallaxCell.m in Sources */,
				149C9558198EC92200AFF518 /* ViewController.m in Sources */,
				149C9552198EC92200AFF518 /* AppDelegate.m in Sources */,
				149C954E198EC92200AFF518 /* main.m in Sources */,
			);
			runOnlyForDeploymentPostprocessing = 0;
		};
		149C955B198EC92200AFF518 /* Sources */ = {
			isa = PBXSourcesBuildPhase;
			buildActionMask = 2147483647;
			files = (
				149C956C198EC92200AFF518 /* YahooWeatherExampleTests.m in Sources */,
			);
			runOnlyForDeploymentPostprocessing = 0;
		};
/* End PBXSourcesBuildPhase section */

/* Begin PBXTargetDependency section */
		1497BC5E197EE3F800F2C632 /* PBXTargetDependency */ = {
			isa = PBXTargetDependency;
			target = 1497BC36197EE3F800F2C632 /* MHYahooParallaxViewExample */;
			targetProxy = 1497BC5D197EE3F800F2C632 /* PBXContainerItemProxy */;
		};
		149C9564198EC92200AFF518 /* PBXTargetDependency */ = {
			isa = PBXTargetDependency;
			target = 149C9542198EC92100AFF518 /* YahooWeatherExample */;
			targetProxy = 149C9563198EC92200AFF518 /* PBXContainerItemProxy */;
		};
/* End PBXTargetDependency section */

/* Begin PBXVariantGroup section */
		1497BC43197EE3F800F2C632 /* InfoPlist.strings */ = {
			isa = PBXVariantGroup;
			children = (
				1497BC44197EE3F800F2C632 /* en */,
			);
			name = InfoPlist.strings;
			sourceTree = "<group>";
		};
		1497BC4C197EE3F800F2C632 /* Main.storyboard */ = {
			isa = PBXVariantGroup;
			children = (
				1497BC4D197EE3F800F2C632 /* Base */,
			);
			name = Main.storyboard;
			sourceTree = "<group>";
		};
		1497BC62197EE3F800F2C632 /* InfoPlist.strings */ = {
			isa = PBXVariantGroup;
			children = (
				1497BC63197EE3F800F2C632 /* en */,
			);
			name = InfoPlist.strings;
			sourceTree = "<group>";
		};
		149C954A198EC92200AFF518 /* InfoPlist.strings */ = {
			isa = PBXVariantGroup;
			children = (
				149C954B198EC92200AFF518 /* en */,
			);
			name = InfoPlist.strings;
			sourceTree = "<group>";
		};
		149C9553198EC92200AFF518 /* Main.storyboard */ = {
			isa = PBXVariantGroup;
			children = (
				149C9554198EC92200AFF518 /* Base */,
			);
			name = Main.storyboard;
			sourceTree = "<group>";
		};
		149C9568198EC92200AFF518 /* InfoPlist.strings */ = {
			isa = PBXVariantGroup;
			children = (
				149C9569198EC92200AFF518 /* en */,
			);
			name = InfoPlist.strings;
			sourceTree = "<group>";
		};
/* End PBXVariantGroup section */

/* Begin XCBuildConfiguration section */
		1497BC67197EE3F800F2C632 /* Debug */ = {
			isa = XCBuildConfiguration;
			buildSettings = {
				ALWAYS_SEARCH_USER_PATHS = NO;
				CLANG_CXX_LANGUAGE_STANDARD = "gnu++0x";
				CLANG_CXX_LIBRARY = "libc++";
				CLANG_ENABLE_MODULES = YES;
				CLANG_ENABLE_OBJC_ARC = YES;
				CLANG_WARN_BOOL_CONVERSION = YES;
				CLANG_WARN_CONSTANT_CONVERSION = YES;
				CLANG_WARN_DIRECT_OBJC_ISA_USAGE = YES_ERROR;
				CLANG_WARN_EMPTY_BODY = YES;
				CLANG_WARN_ENUM_CONVERSION = YES;
				CLANG_WARN_INT_CONVERSION = YES;
				CLANG_WARN_OBJC_ROOT_CLASS = YES_ERROR;
				CLANG_WARN__DUPLICATE_METHOD_MATCH = YES;
				"CODE_SIGN_IDENTITY[sdk=iphoneos*]" = "iPhone Developer";
				COPY_PHASE_STRIP = NO;
				GCC_C_LANGUAGE_STANDARD = gnu99;
				GCC_DYNAMIC_NO_PIC = NO;
				GCC_OPTIMIZATION_LEVEL = 0;
				GCC_PREPROCESSOR_DEFINITIONS = (
					"DEBUG=1",
					"$(inherited)",
				);
				GCC_SYMBOLS_PRIVATE_EXTERN = NO;
				GCC_WARN_64_TO_32_BIT_CONVERSION = YES;
				GCC_WARN_ABOUT_RETURN_TYPE = YES_ERROR;
				GCC_WARN_UNDECLARED_SELECTOR = YES;
				GCC_WARN_UNINITIALIZED_AUTOS = YES_AGGRESSIVE;
				GCC_WARN_UNUSED_FUNCTION = YES;
				GCC_WARN_UNUSED_VARIABLE = YES;
				IPHONEOS_DEPLOYMENT_TARGET = 7.1;
				ONLY_ACTIVE_ARCH = YES;
				SDKROOT = iphoneos;
			};
			name = Debug;
		};
		1497BC68197EE3F800F2C632 /* Release */ = {
			isa = XCBuildConfiguration;
			buildSettings = {
				ALWAYS_SEARCH_USER_PATHS = NO;
				CLANG_CXX_LANGUAGE_STANDARD = "gnu++0x";
				CLANG_CXX_LIBRARY = "libc++";
				CLANG_ENABLE_MODULES = YES;
				CLANG_ENABLE_OBJC_ARC = YES;
				CLANG_WARN_BOOL_CONVERSION = YES;
				CLANG_WARN_CONSTANT_CONVERSION = YES;
				CLANG_WARN_DIRECT_OBJC_ISA_USAGE = YES_ERROR;
				CLANG_WARN_EMPTY_BODY = YES;
				CLANG_WARN_ENUM_CONVERSION = YES;
				CLANG_WARN_INT_CONVERSION = YES;
				CLANG_WARN_OBJC_ROOT_CLASS = YES_ERROR;
				CLANG_WARN__DUPLICATE_METHOD_MATCH = YES;
				"CODE_SIGN_IDENTITY[sdk=iphoneos*]" = "iPhone Developer";
				COPY_PHASE_STRIP = YES;
				ENABLE_NS_ASSERTIONS = NO;
				GCC_C_LANGUAGE_STANDARD = gnu99;
				GCC_WARN_64_TO_32_BIT_CONVERSION = YES;
				GCC_WARN_ABOUT_RETURN_TYPE = YES_ERROR;
				GCC_WARN_UNDECLARED_SELECTOR = YES;
				GCC_WARN_UNINITIALIZED_AUTOS = YES_AGGRESSIVE;
				GCC_WARN_UNUSED_FUNCTION = YES;
				GCC_WARN_UNUSED_VARIABLE = YES;
				IPHONEOS_DEPLOYMENT_TARGET = 7.1;
				SDKROOT = iphoneos;
				VALIDATE_PRODUCT = YES;
			};
			name = Release;
		};
		1497BC6A197EE3F800F2C632 /* Debug */ = {
			isa = XCBuildConfiguration;
			buildSettings = {
				ASSETCATALOG_COMPILER_APPICON_NAME = AppIcon;
				ASSETCATALOG_COMPILER_LAUNCHIMAGE_NAME = LaunchImage;
				GCC_PRECOMPILE_PREFIX_HEADER = YES;
				GCC_PREFIX_HEADER = "MHYahooParallaxViewExample/MHYahooParallaxViewExample-Prefix.pch";
				INFOPLIST_FILE = "MHYahooParallaxViewExample/MHYahooParallaxViewExample-Info.plist";
				PRODUCT_NAME = "$(TARGET_NAME)";
				WRAPPER_EXTENSION = app;
			};
			name = Debug;
		};
		1497BC6B197EE3F800F2C632 /* Release */ = {
			isa = XCBuildConfiguration;
			buildSettings = {
				ASSETCATALOG_COMPILER_APPICON_NAME = AppIcon;
				ASSETCATALOG_COMPILER_LAUNCHIMAGE_NAME = LaunchImage;
				GCC_PRECOMPILE_PREFIX_HEADER = YES;
				GCC_PREFIX_HEADER = "MHYahooParallaxViewExample/MHYahooParallaxViewExample-Prefix.pch";
				INFOPLIST_FILE = "MHYahooParallaxViewExample/MHYahooParallaxViewExample-Info.plist";
				PRODUCT_NAME = "$(TARGET_NAME)";
				WRAPPER_EXTENSION = app;
			};
			name = Release;
		};
		1497BC6D197EE3F800F2C632 /* Debug */ = {
			isa = XCBuildConfiguration;
			buildSettings = {
				BUNDLE_LOADER = "$(BUILT_PRODUCTS_DIR)/MHYahooParallaxViewExample.app/MHYahooParallaxViewExample";
				FRAMEWORK_SEARCH_PATHS = (
					"$(SDKROOT)/Developer/Library/Frameworks",
					"$(inherited)",
					"$(DEVELOPER_FRAMEWORKS_DIR)",
				);
				GCC_PRECOMPILE_PREFIX_HEADER = YES;
				GCC_PREFIX_HEADER = "MHYahooParallaxViewExample/MHYahooParallaxViewExample-Prefix.pch";
				GCC_PREPROCESSOR_DEFINITIONS = (
					"DEBUG=1",
					"$(inherited)",
				);
				INFOPLIST_FILE = "MHYahooParallaxViewExampleTests/MHYahooParallaxViewExampleTests-Info.plist";
				PRODUCT_NAME = "$(TARGET_NAME)";
				TEST_HOST = "$(BUNDLE_LOADER)";
				WRAPPER_EXTENSION = xctest;
			};
			name = Debug;
		};
		1497BC6E197EE3F800F2C632 /* Release */ = {
			isa = XCBuildConfiguration;
			buildSettings = {
				BUNDLE_LOADER = "$(BUILT_PRODUCTS_DIR)/MHYahooParallaxViewExample.app/MHYahooParallaxViewExample";
				FRAMEWORK_SEARCH_PATHS = (
					"$(SDKROOT)/Developer/Library/Frameworks",
					"$(inherited)",
					"$(DEVELOPER_FRAMEWORKS_DIR)",
				);
				GCC_PRECOMPILE_PREFIX_HEADER = YES;
				GCC_PREFIX_HEADER = "MHYahooParallaxViewExample/MHYahooParallaxViewExample-Prefix.pch";
				INFOPLIST_FILE = "MHYahooParallaxViewExampleTests/MHYahooParallaxViewExampleTests-Info.plist";
				PRODUCT_NAME = "$(TARGET_NAME)";
				TEST_HOST = "$(BUNDLE_LOADER)";
				WRAPPER_EXTENSION = xctest;
			};
			name = Release;
		};
		149C956E198EC92200AFF518 /* Debug */ = {
			isa = XCBuildConfiguration;
			buildSettings = {
				ASSETCATALOG_COMPILER_APPICON_NAME = AppIcon;
				ASSETCATALOG_COMPILER_LAUNCHIMAGE_NAME = LaunchImage;
				GCC_PRECOMPILE_PREFIX_HEADER = YES;
				GCC_PREFIX_HEADER = "YahooWeatherExample/YahooWeatherExample-Prefix.pch";
				GCC_PREPROCESSOR_DEFINITIONS = (
					"DEBUG=1",
					"$(inherited)",
				);
				INFOPLIST_FILE = "YahooWeatherExample/YahooWeatherExample-Info.plist";
				PRODUCT_NAME = "$(TARGET_NAME)";
				WRAPPER_EXTENSION = app;
			};
			name = Debug;
		};
		149C956F198EC92200AFF518 /* Release */ = {
			isa = XCBuildConfiguration;
			buildSettings = {
				ASSETCATALOG_COMPILER_APPICON_NAME = AppIcon;
				ASSETCATALOG_COMPILER_LAUNCHIMAGE_NAME = LaunchImage;
				GCC_PRECOMPILE_PREFIX_HEADER = YES;
				GCC_PREFIX_HEADER = "YahooWeatherExample/YahooWeatherExample-Prefix.pch";
				INFOPLIST_FILE = "YahooWeatherExample/YahooWeatherExample-Info.plist";
				PRODUCT_NAME = "$(TARGET_NAME)";
				WRAPPER_EXTENSION = app;
			};
			name = Release;
		};
		149C9571198EC92200AFF518 /* Debug */ = {
			isa = XCBuildConfiguration;
			buildSettings = {
				BUNDLE_LOADER = "$(BUILT_PRODUCTS_DIR)/MHYahooParallaxViewExample.app/MHYahooParallaxViewExample";
				FRAMEWORK_SEARCH_PATHS = (
					"$(SDKROOT)/Developer/Library/Frameworks",
					"$(inherited)",
					"$(DEVELOPER_FRAMEWORKS_DIR)",
				);
				GCC_PRECOMPILE_PREFIX_HEADER = YES;
				GCC_PREFIX_HEADER = "YahooWeatherExample/YahooWeatherExample-Prefix.pch";
				GCC_PREPROCESSOR_DEFINITIONS = (
					"DEBUG=1",
					"$(inherited)",
				);
				INFOPLIST_FILE = "YahooWeatherExampleTests/YahooWeatherExampleTests-Info.plist";
				PRODUCT_NAME = "$(TARGET_NAME)";
				TEST_HOST = "$(BUNDLE_LOADER)";
				WRAPPER_EXTENSION = xctest;
			};
			name = Debug;
		};
		149C9572198EC92200AFF518 /* Release */ = {
			isa = XCBuildConfiguration;
			buildSettings = {
				BUNDLE_LOADER = "$(BUILT_PRODUCTS_DIR)/MHYahooParallaxViewExample.app/MHYahooParallaxViewExample";
				FRAMEWORK_SEARCH_PATHS = (
					"$(SDKROOT)/Developer/Library/Frameworks",
					"$(inherited)",
					"$(DEVELOPER_FRAMEWORKS_DIR)",
				);
				GCC_PRECOMPILE_PREFIX_HEADER = YES;
				GCC_PREFIX_HEADER = "YahooWeatherExample/YahooWeatherExample-Prefix.pch";
				INFOPLIST_FILE = "YahooWeatherExampleTests/YahooWeatherExampleTests-Info.plist";
				PRODUCT_NAME = "$(TARGET_NAME)";
				TEST_HOST = "$(BUNDLE_LOADER)";
				WRAPPER_EXTENSION = xctest;
			};
			name = Release;
		};
/* End XCBuildConfiguration section */

/* Begin XCConfigurationList section */
		1497BC32197EE3F800F2C632 /* Build configuration list for PBXProject "MHYahooParallaxViewExample" */ = {
			isa = XCConfigurationList;
			buildConfigurations = (
				1497BC67197EE3F800F2C632 /* Debug */,
				1497BC68197EE3F800F2C632 /* Release */,
			);
			defaultConfigurationIsVisible = 0;
			defaultConfigurationName = Release;
		};
		1497BC69197EE3F800F2C632 /* Build configuration list for PBXNativeTarget "MHYahooParallaxViewExample" */ = {
			isa = XCConfigurationList;
			buildConfigurations = (
				1497BC6A197EE3F800F2C632 /* Debug */,
				1497BC6B197EE3F800F2C632 /* Release */,
			);
			defaultConfigurationIsVisible = 0;
			defaultConfigurationName = Release;
		};
		1497BC6C197EE3F800F2C632 /* Build configuration list for PBXNativeTarget "MHYahooParallaxViewExampleTests" */ = {
			isa = XCConfigurationList;
			buildConfigurations = (
				1497BC6D197EE3F800F2C632 /* Debug */,
				1497BC6E197EE3F800F2C632 /* Release */,
			);
			defaultConfigurationIsVisible = 0;
			defaultConfigurationName = Release;
		};
		149C956D198EC92200AFF518 /* Build configuration list for PBXNativeTarget "YahooWeatherExample" */ = {
			isa = XCConfigurationList;
			buildConfigurations = (
				149C956E198EC92200AFF518 /* Debug */,
				149C956F198EC92200AFF518 /* Release */,
			);
			defaultConfigurationIsVisible = 0;
		};
		149C9570198EC92200AFF518 /* Build configuration list for PBXNativeTarget "YahooWeatherExampleTests" */ = {
			isa = XCConfigurationList;
			buildConfigurations = (
				149C9571198EC92200AFF518 /* Debug */,
				149C9572198EC92200AFF518 /* Release */,
			);
			defaultConfigurationIsVisible = 0;
		};
/* End XCConfigurationList section */
	};
	rootObject = 1497BC2F197EE3F800F2C632 /* Project object */;
}
